
Microsoft Visual Studio Solution File, Format Version 12.00
# Visual Studio Version 16
VisualStudioVersion = 16.0.29020.237
MinimumVisualStudioVersion = 10.0.40219.1
Project("{FAE04EC0-301F-11D3-BF4B-00C04F79EFBC}") = "SistemaBibliotecaOnline", "SistemaBibliotecaOnline.csproj", "{EFCE6B43-8A89-4B84-811A-7E12BCDF4CDB}"
EndProject
Global
	GlobalSection(SolutionConfigurationPlatforms) = preSolution
		Debug|Any CPU = Debug|Any CPU
		Release|Any CPU = Release|Any CPU
	EndGlobalSection
	GlobalSection(ProjectConfigurationPlatforms) = postSolution
		{EFCE6B43-8A89-4B84-811A-7E12BCDF4CDB}.Debug|Any CPU.ActiveCfg = Debug|Any CPU
		{EFCE6B43-8A89-4B84-811A-7E12BCDF4CDB}.Debug|Any CPU.Build.0 = Debug|Any CPU
		{EFCE6B43-8A89-4B84-811A-7E12BCDF4CDB}.Release|Any CPU.ActiveCfg = Release|Any CPU
		{EFCE6B43-8A89-4B84-811A-7E12BCDF4CDB}.Release|Any CPU.Build.0 = Release|Any CPU
	EndGlobalSection
	GlobalSection(SolutionProperties) = preSolution
		HideSolutionNode = FALSE
	EndGlobalSection
	GlobalSection(ExtensibilityGlobals) = postSolution
		SolutionGuid = {6B26B519-3343-4E4B-815F-7FA8B2004F80}
	EndGlobalSection
EndGlobal
