
Microsoft Visual Studio Solution File, Format Version 12.00
# Visual Studio Version 16
VisualStudioVersion = 16.0.29102.190
MinimumVisualStudioVersion = 10.0.40219.1
Project("{FAE04EC0-301F-11D3-BF4B-00C04F79EFBC}") = "MyFirstExternalLibrary", "MyFirstExternalLibrary.csproj", "{79AC1AD5-8AAB-408D-80E7-B99404FC27F1}"
EndProject
Global
	GlobalSection(SolutionConfigurationPlatforms) = preSolution
		Debug|Any CPU = Debug|Any CPU
		Release|Any CPU = Release|Any CPU
	EndGlobalSection
	GlobalSection(ProjectConfigurationPlatforms) = postSolution
		{79AC1AD5-8AAB-408D-80E7-B99404FC27F1}.Debug|Any CPU.ActiveCfg = Debug|Any CPU
		{79AC1AD5-8AAB-408D-80E7-B99404FC27F1}.Debug|Any CPU.Build.0 = Debug|Any CPU
		{79AC1AD5-8AAB-408D-80E7-B99404FC27F1}.Release|Any CPU.ActiveCfg = Release|Any CPU
		{79AC1AD5-8AAB-408D-80E7-B99404FC27F1}.Release|Any CPU.Build.0 = Release|Any CPU
	EndGlobalSection
	GlobalSection(SolutionProperties) = preSolution
		HideSolutionNode = FALSE
	EndGlobalSection
	GlobalSection(ExtensibilityGlobals) = postSolution
		SolutionGuid = {8AFB00A0-9EEF-44C2-BA93-FDE178F1EF86}
	EndGlobalSection
EndGlobal
