
Microsoft Visual Studio Solution File, Format Version 12.00
# Visual Studio Version 16
VisualStudioVersion = 16.0.29020.237
MinimumVisualStudioVersion = 10.0.40219.1
Project("{FAE04EC0-301F-11D3-BF4B-00C04F79EFBC}") = "ListarPessoas", "ListarPessoas.csproj", "{CC4D9965-2976-44E5-B410-ECC45AEA0E73}"
EndProject
Global
	GlobalSection(SolutionConfigurationPlatforms) = preSolution
		Debug|Any CPU = Debug|Any CPU
		Release|Any CPU = Release|Any CPU
	EndGlobalSection
	GlobalSection(ProjectConfigurationPlatforms) = postSolution
		{CC4D9965-2976-44E5-B410-ECC45AEA0E73}.Debug|Any CPU.ActiveCfg = Debug|Any CPU
		{CC4D9965-2976-44E5-B410-ECC45AEA0E73}.Debug|Any CPU.Build.0 = Debug|Any CPU
		{CC4D9965-2976-44E5-B410-ECC45AEA0E73}.Release|Any CPU.ActiveCfg = Release|Any CPU
		{CC4D9965-2976-44E5-B410-ECC45AEA0E73}.Release|Any CPU.Build.0 = Release|Any CPU
	EndGlobalSection
	GlobalSection(SolutionProperties) = preSolution
		HideSolutionNode = FALSE
	EndGlobalSection
	GlobalSection(ExtensibilityGlobals) = postSolution
		SolutionGuid = {C1518F70-9E94-49E2-A697-37FFC5E1A31E}
	EndGlobalSection
EndGlobal
