
Microsoft Visual Studio Solution File, Format Version 12.00
# Visual Studio Version 16
VisualStudioVersion = 16.0.29102.190
MinimumVisualStudioVersion = 10.0.40219.1
Project("{FAE04EC0-301F-11D3-BF4B-00C04F79EFBC}") = "ListaCompacta", "ListaCompacta.csproj", "{8AE8DE13-B83B-483C-8B04-32C3F139D6BB}"
EndProject
Global
	GlobalSection(SolutionConfigurationPlatforms) = preSolution
		Debug|Any CPU = Debug|Any CPU
		Release|Any CPU = Release|Any CPU
	EndGlobalSection
	GlobalSection(ProjectConfigurationPlatforms) = postSolution
		{8AE8DE13-B83B-483C-8B04-32C3F139D6BB}.Debug|Any CPU.ActiveCfg = Debug|Any CPU
		{8AE8DE13-B83B-483C-8B04-32C3F139D6BB}.Debug|Any CPU.Build.0 = Debug|Any CPU
		{8AE8DE13-B83B-483C-8B04-32C3F139D6BB}.Release|Any CPU.ActiveCfg = Release|Any CPU
		{8AE8DE13-B83B-483C-8B04-32C3F139D6BB}.Release|Any CPU.Build.0 = Release|Any CPU
	EndGlobalSection
	GlobalSection(SolutionProperties) = preSolution
		HideSolutionNode = FALSE
	EndGlobalSection
	GlobalSection(ExtensibilityGlobals) = postSolution
		SolutionGuid = {050F0728-F36B-4EEB-A1D1-884A765F8745}
	EndGlobalSection
EndGlobal
