
Microsoft Visual Studio Solution File, Format Version 12.00
# Visual Studio Version 16
VisualStudioVersion = 16.0.29102.190
MinimumVisualStudioVersion = 10.0.40219.1
Project("{FAE04EC0-301F-11D3-BF4B-00C04F79EFBC}") = "Usando", "Usando\Usando.csproj", "{B6C4EC3B-613B-44AA-8634-BDE5C6199A44}"
EndProject
Global
	GlobalSection(SolutionConfigurationPlatforms) = preSolution
		Debug|Any CPU = Debug|Any CPU
		Release|Any CPU = Release|Any CPU
	EndGlobalSection
	GlobalSection(ProjectConfigurationPlatforms) = postSolution
		{B6C4EC3B-613B-44AA-8634-BDE5C6199A44}.Debug|Any CPU.ActiveCfg = Debug|Any CPU
		{B6C4EC3B-613B-44AA-8634-BDE5C6199A44}.Debug|Any CPU.Build.0 = Debug|Any CPU
		{B6C4EC3B-613B-44AA-8634-BDE5C6199A44}.Release|Any CPU.ActiveCfg = Release|Any CPU
		{B6C4EC3B-613B-44AA-8634-BDE5C6199A44}.Release|Any CPU.Build.0 = Release|Any CPU
	EndGlobalSection
	GlobalSection(SolutionProperties) = preSolution
		HideSolutionNode = FALSE
	EndGlobalSection
	GlobalSection(ExtensibilityGlobals) = postSolution
		SolutionGuid = {E24C9C6A-4B8D-482B-B6DD-327CF50E40E4}
	EndGlobalSection
EndGlobal
